github.com/davecgh/go-spew v1.1.1 h1:vj9j/u1bqnvCEfJOwUhtlOARqs3+rkHYY13jYWTU97c=
github.com/davecgh/go-spew v1.1.1/go.mod h1:J7Y8YcW2NihsgmVo/mv3lAwl/skON4iLHjSsI+c5H38=
github.com/gorilla/rpc v1.2.0 h1:WvvdC2lNeT1SP32zrIce5l0ECBfbAlmrmSBsuc57wfk=
github.com/gorilla/rpc v1.2.0/go.mod h1:V4h9r+4sF5HnzqbwIez0fKSpANP0zlYd3qR7p36jkTQ=
github.com/ochinchina/go-ini v1.0.1 h1:qrKGrgxJjY+4H8aV7B2HPohShzHGrymW+/X1Gx933zU=
github.com/ochinchina/go-ini v1.0.1/go.mod h1:Tqs5+JmccLSNMX1KXbbyG/B3ro4J9uXVYC5U5VOeRE8=
github.com/ochinchina/gorilla-xmlrpc v0.0.0-20171012055324-ecf2fe693a2c h1:6xgMUqscagnZicBedm1h4T3q6IQHbrrZp7bker+toOI=
github.com/ochinchina/gorilla-xmlrpc v0.0.0-20171012055324-ecf2fe693a2c/go.mod h1:/gFmJ8Das0jFgYxzt/RkvAO62T/ZPcyTaZlOkEBu/jw=
github.com/ochinchina/supervisord/config v0.0.0-20211206031846-72fec8953af3 h1:ashrk3kGPFeyJlBuyHOhC4hOwldQ7bSVOigiOrD42S8=
github.com/ochinchina/supervisord/config v0.0.0-20211206031846-72fec8953af3/go.mod h1:jMN/SL0T6GCWWG/dD7Les9iPqjQ2OjEVyBWx8c9RJqI=
github.com/ochinchina/supervisord/types v0.0.0-20211206031846-72fec8953af3 h1:nAoKxrkH/Teol1V3ik5/YaLljgjxF5qavPupSqVHrG4=
github.com/ochinchina/supervisord/types v0.0.0-20211206031846-72fec8953af3/go.mod h1:z9lBlb5SzXJTO1oZHCUfYSMa+UZr86pZ0xPoAvswa6k=
github.com/ochinchina/supervisord/util v0.0.0-20211206031846-72fec8953af3 h1:ww4D6sNt81o8shxRvQBLGhqhxuriu+rOgePi90+qop4=
github.com/ochinchina/supervisord/util v0.0.0-20211206031846-72fec8953af3/go.mod h1:V/yb0hfd2ax3Pzn83yoxBxww4HLJ5AXYH+rQBCieqcU=
github.com/ochinchina/supervisord/xmlrpcclient v0.0.0-20211206031846-72fec8953af3 h1:o5aKrzAWf+Is+cQO+aR+i4Ph8lmrym4t9INI/nzFBWg=
github.com/ochinchina/supervisord/xmlrpcclient v0.0.0-20211206031846-72fec8953af3/go.mod h1:5KKLf5da+UMy3pCU/7k3ggO9S9sIwsjJGQ4BgNuzpkk=
github.com/pmezard/go-difflib v1.0.0 h1:4DBwDE0NGyQoBHbLQYPwSUPoCMWR5BEzIk/f1lZbAQM=
github.com/pmezard/go-difflib v1.0.0/go.mod h1:iKH77koFhYxTK1pcRnkKkqfTogsbg7gZNVY4sRDYZ/4=
github.com/rogpeppe/go-charset v0.0.0-20190617161244-0dc95cdf6f31 h1:DE4LcMKyqAVa6a0CGmVxANbnVb7stzMmPkQiieyNmfQ=
github.com/rogpeppe/go-charset v0.0.0-20190617161244-0dc95cdf6f31/go.mod h1:qgYeAmZ5ZIpBWTGllZSQnw97Dj+woV0toclVaRGI8pc=
github.com/sirupsen/logrus v1.8.1 h1:dJKuHgqk1NNQlqoA6BTlM1Wf9DOH3NBjQyu0h9+AZZE=
github.com/sirupsen/logrus v1.8.1/go.mod h1:yWOB1SBYBC5VeMP7gHvWumXLIWorT60ONWic61uBYv0=
github.com/stretchr/testify v1.2.2 h1:bSDNvY7ZPG5RlJ8otE/7V6gMiyenm9RtJ7IUVIAoJ1w=
github.com/stretchr/testify v1.2.2/go.mod h1:a8OnRcib4nhh0OaRAV+Yts87kKdq0PP7pXfy6kDkUVs=
golang.org/x/sys v0.0.0-20191026070338-33540a1f6037 h1:YyJpGZS1sBuBCzLAR1VEpK193GlqGZbnPFnPV/5Rsb4=
golang.org/x/sys v0.0.0-20191026070338-33540a1f6037/go.mod h1:h1NjWce9XRLGQEsW7wpKNCjG9DtNlClVuFLEZdDNbEs=
